PODS:
  - boost-for-react-native (1.63.0)
  - DoubleConversion (1.1.6)
  - Folly (2018.10.22.00):
    - boost-for-react-native
    - DoubleConversion
    - Folly/Default (= 2018.10.22.00)
    - glog
  - Folly/Default (2018.10.22.00):
    - boost-for-react-native
    - DoubleConversion
    - glog
  - glog (0.3.5)
  - React (0.60.4-6):
    - React-Core (= 0.60.4-6)
    - React-DevSupport (= 0.60.4-6)
    - React-RCTAnimation (= 0.60.4-6)
    - React-RCTBlob (= 0.60.4-6)
    - React-RCTImage (= 0.60.4-6)
    - React-RCTLinking (= 0.60.4-6)
    - React-RCTNetwork (= 0.60.4-6)
    - React-RCTSettings (= 0.60.4-6)
    - React-RCTText (= 0.60.4-6)
    - React-RCTWebSocket (= 0.60.4-6)
  - React-Core (0.60.4-6):
    - Folly (= 2018.10.22.00)
    - glog
    - React-Core/Default (= 0.60.4-6)
    - React-cxxreact (= 0.60.4-6)
    - React-jsi (= 0.60.4-6)
    - React-jsiexecutor (= 0.60.4-6)
    - yoga (= 0.60.4-6.React)
  - React-Core/Default (0.60.4-6):
    - Folly (= 2018.10.22.00)
    - glog
    - React-cxxreact (= 0.60.4-6)
    - React-jsi (= 0.60.4-6)
    - React-jsiexecutor (= 0.60.4-6)
    - yoga (= 0.60.4-6.React)
  - React-cxxreact (0.60.4-6):
    - boost-for-react-native (= 1.63.0)
    - DoubleConversion
    - Folly (= 2018.10.22.00)
    - glog
    - React-jsinspector (= 0.60.4-6)
  - React-DevSupport (0.60.4-6):
    - React-Core (= 0.60.4-6)
    - React-RCTWebSocket (= 0.60.4-6)
  - React-fishhook (0.60.4-6)
  - React-jsi (0.60.4-6):
    - boost-for-react-native (= 1.63.0)
    - DoubleConversion
    - Folly (= 2018.10.22.00)
    - glog
    - React-jsi/Default (= 0.60.4-6)
  - React-jsi/Default (0.60.4-6):
    - boost-for-react-native (= 1.63.0)
    - DoubleConversion
    - Folly (= 2018.10.22.00)
    - glog
  - React-jsiexecutor (0.60.4-6):
    - DoubleConversion
    - Folly (= 2018.10.22.00)
    - glog
    - React-cxxreact (= 0.60.4-6)
    - React-jsi (= 0.60.4-6)
  - React-jsinspector (0.60.4-6)
  - React-RCTActionSheet (0.60.4-6):
    - React-Core (= 0.60.4-6)
  - React-RCTAnimation (0.60.4-6):
    - React-Core (= 0.60.4-6)
  - React-RCTBlob (0.60.4-6):
    - React-Core (= 0.60.4-6)
    - React-RCTNetwork (= 0.60.4-6)
    - React-RCTWebSocket (= 0.60.4-6)
  - React-RCTImage (0.60.4-6):
    - React-Core (= 0.60.4-6)
    - React-RCTNetwork (= 0.60.4-6)
  - React-RCTLinking (0.60.4-6):
    - React-Core (= 0.60.4-6)
  - React-RCTNetwork (0.60.4-6):
    - React-Core (= 0.60.4-6)
  - React-RCTSettings (0.60.4-6):
    - React-Core (= 0.60.4-6)
  - React-RCTText (0.60.4-6):
    - React-Core (= 0.60.4-6)
  - React-RCTVibration (0.60.4-6):
    - React-Core (= 0.60.4-6)
  - React-RCTWebSocket (0.60.4-6):
    - React-Core (= 0.60.4-6)
    - React-fishhook (= 0.60.4-6)
  - yoga (0.60.4-6.React)

DEPENDENCIES:
  - DoubleConversion (from `../node_modules/react-native/third-party-podspecs/DoubleConversion.podspec`)
  - Folly (from `../node_modules/react-native/third-party-podspecs/Folly.podspec`)
  - glog (from `../node_modules/react-native/third-party-podspecs/glog.podspec`)
  - React (from `../node_modules/react-native/`)
  - React-Core (from `../node_modules/react-native/React`)
  - React-cxxreact (from `../node_modules/react-native/ReactCommon/cxxreact`)
  - React-DevSupport (from `../node_modules/react-native/React`)
  - React-fishhook (from `../node_modules/react-native/Libraries/fishhook`)
  - React-jsi (from `../node_modules/react-native/ReactCommon/jsi`)
  - React-jsiexecutor (from `../node_modules/react-native/ReactCommon/jsiexecutor`)
  - React-jsinspector (from `../node_modules/react-native/ReactCommon/jsinspector`)
  - React-RCTActionSheet (from `../node_modules/react-native/Libraries/ActionSheetIOS`)
  - React-RCTAnimation (from `../node_modules/react-native/Libraries/NativeAnimation`)
  - React-RCTBlob (from `../node_modules/react-native/Libraries/Blob`)
  - React-RCTImage (from `../node_modules/react-native/Libraries/Image`)
  - React-RCTLinking (from `../node_modules/react-native/Libraries/LinkingIOS`)
  - React-RCTNetwork (from `../node_modules/react-native/Libraries/Network`)
  - React-RCTSettings (from `../node_modules/react-native/Libraries/Settings`)
  - React-RCTText (from `../node_modules/react-native/Libraries/Text`)
  - React-RCTVibration (from `../node_modules/react-native/Libraries/Vibration`)
  - React-RCTWebSocket (from `../node_modules/react-native/Libraries/WebSocket`)
  - yoga (from `../node_modules/react-native/ReactCommon/yoga`)

SPEC REPOS:
  trunk:
    - boost-for-react-native

EXTERNAL SOURCES:
  DoubleConversion:
    :podspec: "../node_modules/react-native/third-party-podspecs/DoubleConversion.podspec"
  Folly:
    :podspec: "../node_modules/react-native/third-party-podspecs/Folly.podspec"
  glog:
    :podspec: "../node_modules/react-native/third-party-podspecs/glog.podspec"
  React:
    :path: "../node_modules/react-native/"
  React-Core:
    :path: "../node_modules/react-native/React"
  React-cxxreact:
    :path: "../node_modules/react-native/ReactCommon/cxxreact"
  React-DevSupport:
    :path: "../node_modules/react-native/React"
  React-fishhook:
    :path: "../node_modules/react-native/Libraries/fishhook"
  React-jsi:
    :path: "../node_modules/react-native/ReactCommon/jsi"
  React-jsiexecutor:
    :path: "../node_modules/react-native/ReactCommon/jsiexecutor"
  React-jsinspector:
    :path: "../node_modules/react-native/ReactCommon/jsinspector"
  React-RCTActionSheet:
    :path: "../node_modules/react-native/Libraries/ActionSheetIOS"
  React-RCTAnimation:
    :path: "../node_modules/react-native/Libraries/NativeAnimation"
  React-RCTBlob:
    :path: "../node_modules/react-native/Libraries/Blob"
  React-RCTImage:
    :path: "../node_modules/react-native/Libraries/Image"
  React-RCTLinking:
    :path: "../node_modules/react-native/Libraries/LinkingIOS"
  React-RCTNetwork:
    :path: "../node_modules/react-native/Libraries/Network"
  React-RCTSettings:
    :path: "../node_modules/react-native/Libraries/Settings"
  React-RCTText:
    :path: "../node_modules/react-native/Libraries/Text"
  React-RCTVibration:
    :path: "../node_modules/react-native/Libraries/Vibration"
  React-RCTWebSocket:
    :path: "../node_modules/react-native/Libraries/WebSocket"
  yoga:
    :path: "../node_modules/react-native/ReactCommon/yoga"

SPEC CHECKSUMS:
  boost-for-react-native: 39c7adb57c4e60d6c5479dd8623128eb5b3f0f2c
  DoubleConversion: 5805e889d232975c086db112ece9ed034df7a0b2
  Folly: 30e7936e1c45c08d884aa59369ed951a8e68cf51
  glog: 1f3da668190260b06b429bb211bfbee5cd790c28
  React: ade10a021f71c1807edb6681433265f5471060ac
  React-Core: 94e84501696d20ba5444f37ae75cad5d2c3cbfd7
  React-cxxreact: 574ed7545162174ee560c9354163483a691b976f
  React-DevSupport: ea65704668a8556a8fe2af69958099e9f3198177
  React-fishhook: 77e3dcd50559ce8e7724ba01ba69c6c4f90ecd95
  React-jsi: 565e24b12e45e89c09e87011e199c9ee0cead896
  React-jsiexecutor: c95862b0841fc0bb0dbb159607b9f601d9e64b66
  React-jsinspector: 0a94a29f22d86f4a3b56e69352af9afca7b452ef
  React-RCTActionSheet: 2dbb4450c30a4fe1c4b911ff2fb21f193adbde4d
  React-RCTAnimation: e8136ac9aa2451fcaaefcd602b9aa7a19f32aa1f
  React-RCTBlob: d86216b4a87d3e51393fde2afb4cdd6367a933aa
  React-RCTImage: 879a3db8079f4f6dcbb86e6446615f2de7c6c92e
  React-RCTLinking: c98e1a01bece7d3d88ab185e1de2ded4a22446d0
  React-RCTNetwork: fd8f3f66bae9cf76e8ba0b7a76beb534715a8788
  React-RCTSettings: f02f6a03149247ff11db0fd9f9c3c63f1a2680a9
  React-RCTText: 9b36f1f3b5144ba3ad52ce7e7984bbd958a27ab6
  React-RCTVibration: abcde2265319ec483845e13c101839a2c20fd497
  React-RCTWebSocket: d3b4e26e23234fc104eab8a437cc8a198d747f92
  yoga: bc32a6681c6e5aa51b633c72ab67ac4a02aad409

PODFILE CHECKSUM: f52b2f80991cef056aa51af54f7613dcbf0f1da8

COCOAPODS: 1.8.1
